
Microsoft Visual Studio Solution File, Format Version 12.00
# Visual Studio 14
VisualStudioVersion = 14.0.23107.0
MinimumVisualStudioVersion = 10.0.40219.1
Project("{FAE04EC0-301F-11D3-BF4B-00C04F79EFBC}") = "HySON", "HySON\HySON.csproj", "{3DEBEED3-49CC-464E-8397-5CB59B704E12}"
EndProject
Project("{FAE04EC0-301F-11D3-BF4B-00C04F79EFBC}") = "HySON-TEST", "HySON-TEST\HySON-TEST.csproj", "{0EC4F87A-5E52-4C99-B5E6-AC57AED95CD0}"
EndProject
Global
	GlobalSection(SolutionConfigurationPlatforms) = preSolution
		Debug|Any CPU = Debug|Any CPU
		Release|Any CPU = Release|Any CPU
	EndGlobalSection
	GlobalSection(ProjectConfigurationPlatforms) = postSolution
		{3DEBEED3-49CC-464E-8397-5CB59B704E12}.Debug|Any CPU.ActiveCfg = Debug|Any CPU
		{3DEBEED3-49CC-464E-8397-5CB59B704E12}.Debug|Any CPU.Build.0 = Debug|Any CPU
		{3DEBEED3-49CC-464E-8397-5CB59B704E12}.Release|Any CPU.ActiveCfg = Release|Any CPU
		{3DEBEED3-49CC-464E-8397-5CB59B704E12}.Release|Any CPU.Build.0 = Release|Any CPU
		{0EC4F87A-5E52-4C99-B5E6-AC57AED95CD0}.Debug|Any CPU.ActiveCfg = Debug|Any CPU
		{0EC4F87A-5E52-4C99-B5E6-AC57AED95CD0}.Debug|Any CPU.Build.0 = Debug|Any CPU
		{0EC4F87A-5E52-4C99-B5E6-AC57AED95CD0}.Release|Any CPU.ActiveCfg = Release|Any CPU
		{0EC4F87A-5E52-4C99-B5E6-AC57AED95CD0}.Release|Any CPU.Build.0 = Release|Any CPU
	EndGlobalSection
	GlobalSection(SolutionProperties) = preSolution
		HideSolutionNode = FALSE
	EndGlobalSection
EndGlobal
